{
  "requires": true,
  "lockfileVersion": 1,
  "dependencies": {
    "Napier-napier": {
      "version": "file:build/js/node_modules/Napier-napier/Napier-napier-1.1.0.tgz",
      "integrity": "sha512-3OXM5xMvaPLiNJY3kuom8nypiWECoLq019DF9MLkNb9EGvrB3vM5RDzEYS1D3NjWHls73OGMjcul2Vn/b2dTsQ=="
    }
  }
}
