appId: com.toughra.ustadmobile
---
- tapOn: "Courses"
- tapOn:
      id: "com.toughra.ustadmobile:id/item_clazzlist_clazz_cl"
- tapOn: "Edit"
- swipe:
    start: 100,400
    end: 100,100
- tapOn: "Add block"
- tapOn: "Assignments"
- tapOn: "Title"
- inputText: "Test Assignment"
- hideKeyboard
- tapOn: "Completion criteria"
- tapOn: "Submitted"
- tapOn: "DONE"
- tapOn: "SAVE"